{
  "name": "pson",
  "version": "1.0.1",
  "lockfileVersion": 1,
  "requires": true,
  "dependencies": {
    "@types/node": {
      "version": "9.4.5",
      "resolved": "https://registry.npmjs.org/@types/node/-/node-9.4.5.tgz",
      "integrity": "sha512-DvC7bzO5797bkApgukxouHmkOdYN2D0yL5olw0RncDpXUa6n39qTVsUi/5g2QJjPgl8qn4zh+4h0sofNoWGLRg==",
      "dev": true
    },
    "almost-equal": {
      "version": "1.1.0",
      "resolved": "https://registry.npmjs.org/almost-equal/-/almost-equal-1.1.0.tgz",
      "integrity": "sha1-+FHGMROHV5lCdqou++jfowZszN0="
    },
    "d": {
      "version": "1.0.0",
      "resolved": "https://registry.npmjs.org/d/-/d-1.0.0.tgz",
      "integrity": "sha1-dUu1v+VUUdpppYuU1F9MWwRi1Y8=",
      "requires": {
        "es5-ext": "0.10.38"
      }
    },
    "deep-map": {
      "version": "1.5.0",
      "resolved": "https://registry.npmjs.org/deep-map/-/deep-map-1.5.0.tgz",
      "integrity": "sha1-6qWVy4F4PKKADyakLgnxbn1PuJA=",
      "requires": {
        "es6-weak-map": "2.0.2",
        "lodash": "4.17.5",
        "tslib": "1.9.0"
      }
    },
    "es5-ext": {
      "version": "0.10.38",
      "resolved": "https://registry.npmjs.org/es5-ext/-/es5-ext-0.10.38.tgz",
      "integrity": "sha512-jCMyePo7AXbUESwbl8Qi01VSH2piY9s/a3rSU/5w/MlTIx8HPL1xn2InGN8ejt/xulcJgnTO7vqNtOAxzYd2Kg==",
      "requires": {
        "es6-iterator": "2.0.3",
        "es6-symbol": "3.1.1"
      }
    },
    "es6-iterator": {
      "version": "2.0.3",
      "resolved": "https://registry.npmjs.org/es6-iterator/-/es6-iterator-2.0.3.tgz",
      "integrity": "sha1-p96IkUGgWpSwhUQDstCg+/qY87c=",
      "requires": {
        "d": "1.0.0",
        "es5-ext": "0.10.38",
        "es6-symbol": "3.1.1"
      }
    },
    "es6-symbol": {
      "version": "3.1.1",
      "resolved": "https://registry.npmjs.org/es6-symbol/-/es6-symbol-3.1.1.tgz",
      "integrity": "sha1-vwDvT9q2uhtG7Le2KbTH7VcVzHc=",
      "requires": {
        "d": "1.0.0",
        "es5-ext": "0.10.38"
      }
    },
    "es6-weak-map": {
      "version": "2.0.2",
      "resolved": "https://registry.npmjs.org/es6-weak-map/-/es6-weak-map-2.0.2.tgz",
      "integrity": "sha1-XjqzIlH/0VOKH45f+hNXdy+S2W8=",
      "requires": {
        "d": "1.0.0",
        "es5-ext": "0.10.38",
        "es6-iterator": "2.0.3",
        "es6-symbol": "3.1.1"
      }
    },
    "kld-affine": {
      "version": "2.0.0",
      "resolved": "https://registry.npmjs.org/kld-affine/-/kld-affine-2.0.0.tgz",
      "integrity": "sha1-o/OpbQjesXakVhxMVSsg1xiiU8c="
    },
    "kld-polynomial": {
      "version": "0.1.1",
      "resolved": "https://registry.npmjs.org/kld-polynomial/-/kld-polynomial-0.1.1.tgz",
      "integrity": "sha1-bXsRTbWUVAmvjhtiJc0vCmtVW9U="
    },
    "lodash": {
      "version": "4.17.5",
      "resolved": "https://registry.npmjs.org/lodash/-/lodash-4.17.5.tgz",
      "integrity": "sha512-svL3uiZf1RwhH+cWrfZn3A4+U58wbP0tGVTLQPbjplZxZ8ROD9VLuNgsRniTlLe7OlSqR79RUehXgpBW/s0IQw=="
    },
    "round-to": {
      "version": "2.0.0",
      "resolved": "https://registry.npmjs.org/round-to/-/round-to-2.0.0.tgz",
      "integrity": "sha1-vO9PK8r9lICQLCFCFQsoyJfwPjc="
    },
    "svg-intersections": {
      "version": "0.3.2",
      "resolved": "https://registry.npmjs.org/svg-intersections/-/svg-intersections-0.3.2.tgz",
      "integrity": "sha512-5dpAjxIlaEc22yUPBuBw/ALqs3lUWRr8jx324GC5SzH2AnD0Z1oxlNIjt1q+gfWqBxJWVCcCoMEvYzGWX9Hzfw==",
      "requires": {
        "kld-affine": "2.0.0",
        "kld-polynomial": "0.1.1"
      }
    },
    "tslib": {
      "version": "1.9.0",
      "resolved": "https://registry.npmjs.org/tslib/-/tslib-1.9.0.tgz",
      "integrity": "sha512-f/qGG2tUkrISBlQZEjEqoZ3B2+npJjIf04H1wuAv9iA8i04Icp+61KRXxFdha22670NJopsZCIjhC3SnjPRKrQ=="
    },
    "uuid": {
      "version": "3.2.1",
      "resolved": "https://registry.npmjs.org/uuid/-/uuid-3.2.1.tgz",
      "integrity": "sha512-jZnMwlb9Iku/O3smGWvZhauCf6cvvpKi4BKRiliS3cxnI+Gz9j5MEpTz2UFuXiKPJocb7gnsLHwiS05ige5BEA=="
    }
  }
}
