# THIS IS AN AUTOGENERATED FILE. DO NOT EDIT THIS FILE DIRECTLY.
# yarn lockfile v1


almost-equal@^1.1.0:
  version "1.1.0"
  resolved "https://registry.yarnpkg.com/almost-equal/-/almost-equal-1.1.0.tgz#f851c631138757994276aa2efbe8dfa3066cccdd"

d@1:
  version "1.0.0"
  resolved "https://registry.yarnpkg.com/d/-/d-1.0.0.tgz#754bb5bfe55451da69a58b94d45f4c5b0462d58f"
  dependencies:
    es5-ext "^0.10.9"

deep-map@^1.5.0:
  version "1.5.0"
  resolved "https://registry.yarnpkg.com/deep-map/-/deep-map-1.5.0.tgz#eaa595cb81783ca2800f26a42e09f16e7d4fb890"
  dependencies:
    es6-weak-map "^2.0.2"
    lodash "^4.17.4"
    tslib "^1.6.0"

es5-ext@^0.10.14, es5-ext@^0.10.35, es5-ext@^0.10.9, es5-ext@~0.10.14:
  version "0.10.38"
  resolved "https://registry.yarnpkg.com/es5-ext/-/es5-ext-0.10.38.tgz#fa7d40d65bbc9bb8a67e1d3f9cc656a00530eed3"
  dependencies:
    es6-iterator "~2.0.3"
    es6-symbol "~3.1.1"

es6-iterator@^2.0.1, es6-iterator@~2.0.3:
  version "2.0.3"
  resolved "https://registry.yarnpkg.com/es6-iterator/-/es6-iterator-2.0.3.tgz#a7de889141a05a94b0854403b2d0a0fbfa98f3b7"
  dependencies:
    d "1"
    es5-ext "^0.10.35"
    es6-symbol "^3.1.1"

es6-symbol@^3.1.1, es6-symbol@~3.1.1:
  version "3.1.1"
  resolved "https://registry.yarnpkg.com/es6-symbol/-/es6-symbol-3.1.1.tgz#bf00ef4fdab6ba1b46ecb7b629b4c7ed5715cc77"
  dependencies:
    d "1"
    es5-ext "~0.10.14"

es6-weak-map@^2.0.2:
  version "2.0.2"
  resolved "https://registry.yarnpkg.com/es6-weak-map/-/es6-weak-map-2.0.2.tgz#5e3ab32251ffd1538a1f8e5ffa1357772f92d96f"
  dependencies:
    d "1"
    es5-ext "^0.10.14"
    es6-iterator "^2.0.1"
    es6-symbol "^3.1.1"

kld-affine@2.0.0:
  version "2.0.0"
  resolved "https://registry.yarnpkg.com/kld-affine/-/kld-affine-2.0.0.tgz#a3f3a96d08deb176a4561c4c552b20d718a253c7"

kld-polynomial@0.1.1:
  version "0.1.1"
  resolved "https://registry.yarnpkg.com/kld-polynomial/-/kld-polynomial-0.1.1.tgz#6d7b114db5945409af8e1b6225cd2f0a6b555bd5"

lodash@^4.17.4:
  version "4.17.4"
  resolved "https://registry.yarnpkg.com/lodash/-/lodash-4.17.4.tgz#78203a4d1c328ae1d86dca6460e369b57f4055ae"

round-to@^2.0.0:
  version "2.0.0"
  resolved "https://registry.yarnpkg.com/round-to/-/round-to-2.0.0.tgz#bcef4f2bcafd9480902c2142150b28c897f03e37"

svg-intersections@^0.3.2:
  version "0.3.2"
  resolved "https://registry.yarnpkg.com/svg-intersections/-/svg-intersections-0.3.2.tgz#7d1b72e871550959f3c79625a7bcceabd365ddc7"
  dependencies:
    kld-affine "2.0.0"
    kld-polynomial "0.1.1"

tslib@^1.6.0:
  version "1.9.0"
  resolved "https://registry.yarnpkg.com/tslib/-/tslib-1.9.0.tgz#e37a86fda8cbbaf23a057f473c9f4dc64e5fc2e8"

uuid@^3.2.1:
  version "3.2.1"
  resolved "https://registry.yarnpkg.com/uuid/-/uuid-3.2.1.tgz#12c528bb9d58d0b9265d9a2f6f0fe8be17ff1f14"
